
Microsoft Visual Studio Solution File, Format Version 12.00
# Visual Studio Version 17
VisualStudioVersion = 17.1.32319.34
MinimumVisualStudioVersion = 10.0.40219.1
Project("{2150E333-8FDC-42A3-9474-1A3956D46DE8}") = "1.Core", "1.Core", "{1B97CE8B-251C-4483-B76B-B075C4DB825B}"
EndProject
Project("{2150E333-8FDC-42A3-9474-1A3956D46DE8}") = "2.Infrastructure", "2.Infrastructure", "{1782E05C-3A02-4413-B521-79A76D41B988}"
EndProject
Project("{2150E333-8FDC-42A3-9474-1A3956D46DE8}") = "3.Api", "3.Api", "{54DA2D53-4710-49EE-B856-60EBD0A2B3C5}"
EndProject
Project("{FAE04EC0-301F-11D3-BF4B-00C04F79EFBC}") = "Domain", "Domain\Domain.csproj", "{DD36B0A6-30B1-4444-BC5D-D773779A589D}"
EndProject
Global
	GlobalSection(SolutionConfigurationPlatforms) = preSolution
		Debug|Any CPU = Debug|Any CPU
		Release|Any CPU = Release|Any CPU
	EndGlobalSection
	GlobalSection(ProjectConfigurationPlatforms) = postSolution
		{DD36B0A6-30B1-4444-BC5D-D773779A589D}.Debug|Any CPU.ActiveCfg = Debug|Any CPU
		{DD36B0A6-30B1-4444-BC5D-D773779A589D}.Debug|Any CPU.Build.0 = Debug|Any CPU
		{DD36B0A6-30B1-4444-BC5D-D773779A589D}.Release|Any CPU.ActiveCfg = Release|Any CPU
		{DD36B0A6-30B1-4444-BC5D-D773779A589D}.Release|Any CPU.Build.0 = Release|Any CPU
	EndGlobalSection
	GlobalSection(SolutionProperties) = preSolution
		HideSolutionNode = FALSE
	EndGlobalSection
	GlobalSection(NestedProjects) = preSolution
		{DD36B0A6-30B1-4444-BC5D-D773779A589D} = {1B97CE8B-251C-4483-B76B-B075C4DB825B}
	EndGlobalSection
	GlobalSection(ExtensibilityGlobals) = postSolution
		SolutionGuid = {0BAB14F5-A8AF-4953-BC31-488843343EBC}
	EndGlobalSection
EndGlobal
